
Microsoft Visual Studio Solution File, Format Version 12.00
# Visual Studio 15
VisualStudioVersion = 15.0.28010.2003
MinimumVisualStudioVersion = 10.0.40219.1
Project("{FAE04EC0-301F-11D3-BF4B-00C04F79EFBC}") = "Telefone", "Telefone\Telefone.csproj", "{D03AF959-AF55-41E3-B2F3-F7B2962A2652}"
EndProject
Global
	GlobalSection(SolutionConfigurationPlatforms) = preSolution
		Debug|Any CPU = Debug|Any CPU
		Release|Any CPU = Release|Any CPU
	EndGlobalSection
	GlobalSection(ProjectConfigurationPlatforms) = postSolution
		{D03AF959-AF55-41E3-B2F3-F7B2962A2652}.Debug|Any CPU.ActiveCfg = Debug|Any CPU
		{D03AF959-AF55-41E3-B2F3-F7B2962A2652}.Debug|Any CPU.Build.0 = Debug|Any CPU
		{D03AF959-AF55-41E3-B2F3-F7B2962A2652}.Release|Any CPU.ActiveCfg = Release|Any CPU
		{D03AF959-AF55-41E3-B2F3-F7B2962A2652}.Release|Any CPU.Build.0 = Release|Any CPU
	EndGlobalSection
	GlobalSection(SolutionProperties) = preSolution
		HideSolutionNode = FALSE
	EndGlobalSection
	GlobalSection(ExtensibilityGlobals) = postSolution
		SolutionGuid = {08DD11CF-28F5-4261-860A-2AD0DC28033E}
	EndGlobalSection
EndGlobal
